// !$*UTF8*$!
{
	archiveVersion = 1;
	classes = {
	};
	objectVersion = 46;
	objects = {

/* Begin PBXBuildFile section */
		6B191EFB1ECD4E0F00C21065 /* AppDelegate.swift in Sources */ = {isa = PBXBuildFile; fileRef = 6B191EFA1ECD4E0F00C21065 /* AppDelegate.swift */; };
		6B191EFD1ECD4E0F00C21065 /* ViewController.swift in Sources */ = {isa = PBXBuildFile; fileRef = 6B191EFC1ECD4E0F00C21065 /* ViewController.swift */; };
		6B191F001ECD4E0F00C21065 /* Main.storyboard in Resources */ = {isa = PBXBuildFile; fileRef = 6B191EFE1ECD4E0F00C21065 /* Main.storyboard */; };
		6B191F021ECD4E0F00C21065 /* Assets.xcassets in Resources */ = {isa = PBXBuildFile; fileRef = 6B191F011ECD4E0F00C21065 /* Assets.xcassets */; };
		6B191F051ECD4E0F00C21065 /* LaunchScreen.storyboard in Resources */ = {isa = PBXBuildFile; fileRef = 6B191F031ECD4E0F00C21065 /* LaunchScreen.storyboard */; };
/* End PBXBuildFile section */

/* Begin PBXFileReference section */
		6B191EF71ECD4E0F00C21065 /* LZJ_Coin.app */ = {isa = PBXFileReference; explicitFileType = wrapper.application; includeInIndex = 0; path = LZJ_Coin.app; sourceTree = BUILT_PRODUCTS_DIR; };
		6B191EFA1ECD4E0F00C21065 /* AppDelegate.swift */ = {isa = PBXFileReference; lastKnownFileType = sourcecode.swift; path = AppDelegate.swift; sourceTree = "<group>"; };
		6B191EFC1ECD4E0F00C21065 /* ViewController.swift */ = {isa = PBXFileReference; lastKnownFileType = sourcecode.swift; path = ViewController.swift; sourceTree = "<group>"; };
		6B191EFF1ECD4E0F00C21065 /* Base */ = {isa = PBXFileReference; lastKnownFileType = file.storyboard; name = Base; path = Base.lproj/Main.storyboard; sourceTree = "<group>"; };
		6B191F011ECD4E0F00C21065 /* Assets.xcassets */ = {isa = PBXFileReference; lastKnownFileType = folder.assetcatalog; path = Assets.xcassets; sourceTree = "<group>"; };
		6B191F041ECD4E0F00C21065 /* Base */ = {isa = PBXFileReference; lastKnownFileType = file.storyboard; name = Base; path = Base.lproj/LaunchScreen.storyboard; sourceTree = "<group>"; };
		6B191F061ECD4E0F00C21065 /* Info.plist */ = {isa = PBXFileReference; lastKnownFileType = text.plist.xml; path = Info.plist; sourceTree = "<group>"; };
/* End PBXFileReference section */

/* Begin PBXFrameworksBuildPhase section */
		6B191EF41ECD4E0F00C21065 /* Frameworks */ = {
			isa = PBXFrameworksBuildPhase;
			buildActionMask = 2147483647;
			files = (
			);
			runOnlyForDeploymentPostprocessing = 0;
		};
/* End PBXFrameworksBuildPhase section */

/* Begin PBXGroup section */
		6B191EEE1ECD4E0F00C21065 = {
			isa = PBXGroup;
			children = (
				6B191EF91ECD4E0F00C21065 /* LZJ_Coin */,
				6B191EF81ECD4E0F00C21065 /* Products */,
			);
			sourceTree = "<group>";
		};
		6B191EF81ECD4E0F00C21065 /* Products */ = {
			isa = PBXGroup;
			children = (
				6B191EF71ECD4E0F00C21065 /* LZJ_Coin.app */,
			);
			name = Products;
			sourceTree = "<group>";
		};
		6B191EF91ECD4E0F00C21065 /* LZJ_Coin */ = {
			isa = PBXGroup;
			children = (
				6B3A957B1ECD4FD800A84749 /* Section */,
				6B191EFA1ECD4E0F00C21065 /* AppDelegate.swift */,
				6B191EFC1ECD4E0F00C21065 /* ViewController.swift */,
				6B191EFE1ECD4E0F00C21065 /* Main.storyboard */,
				6B191F011ECD4E0F00C21065 /* Assets.xcassets */,
				6B191F031ECD4E0F00C21065 /* LaunchScreen.storyboard */,
				6B191F061ECD4E0F00C21065 /* Info.plist */,
			);
			path = LZJ_Coin;
			sourceTree = "<group>";
		};
		6B3A957B1ECD4FD800A84749 /* Section */ = {
			isa = PBXGroup;
			children = (
			);
			path = Section;
			sourceTree = "<group>";
		};
/* End PBXGroup section */

/* Begin PBXNativeTarget section */
		6B191EF61ECD4E0F00C21065 /* LZJ_Coin */ = {
			isa = PBXNativeTarget;
			buildConfigurationList = 6B191F091ECD4E0F00C21065 /* Build configuration list for PBXNativeTarget "LZJ_Coin" */;
			buildPhases = (
				6B191EF31ECD4E0F00C21065 /* Sources */,
				6B191EF41ECD4E0F00C21065 /* Frameworks */,
				6B191EF51ECD4E0F00C21065 /* Resources */,
			);
			buildRules = (
			);
			dependencies = (
			);
			name = LZJ_Coin;
			productName = LZJ_Coin;
			productReference = 6B191EF71ECD4E0F00C21065 /* LZJ_Coin.app */;
			productType = "com.apple.product-type.application";
		};
/* End PBXNativeTarget section */

/* Begin PBXProject section */
		6B191EEF1ECD4E0F00C21065 /* Project object */ = {
			isa = PBXProject;
			attributes = {
				LastSwiftUpdateCheck = 0830;
				LastUpgradeCheck = 0830;
				ORGANIZATIONNAME = LZJ;
				TargetAttributes = {
					6B191EF61ECD4E0F00C21065 = {
						CreatedOnToolsVersion = 8.3.2;
						DevelopmentTeam = 8GTQ22BPX6;
						ProvisioningStyle = Automatic;
					};
				};
			};
			buildConfigurationList = 6B191EF21ECD4E0F00C21065 /* Build configuration list for PBXProject "LZJ_Coin" */;
			compatibilityVersion = "Xcode 3.2";
			developmentRegion = English;
			hasScannedForEncodings = 0;
			knownRegions = (
				en,
				Base,
			);
			mainGroup = 6B191EEE1ECD4E0F00C21065;
			productRefGroup = 6B191EF81ECD4E0F00C21065 /* Products */;
			projectDirPath = "";
			projectRoot = "";
			targets = (
				6B191EF61ECD4E0F00C21065 /* LZJ_Coin */,
			);
		};
/* End PBXProject section */

/* Begin PBXResourcesBuildPhase section */
		6B191EF51ECD4E0F00C21065 /* Resources */ = {
			isa = PBXResourcesBuildPhase;
			buildActionMask = 2147483647;
			files = (
				6B191F051ECD4E0F00C21065 /* LaunchScreen.storyboard in Resources */,
				6B191F021ECD4E0F00C21065 /* Assets.xcassets in Resources */,
				6B191F001ECD4E0F00C21065 /* Main.storyboard in Resources */,
			);
			runOnlyForDeploymentPostprocessing = 0;
		};
/* End PBXResourcesBuildPhase section */

/* Begin PBXSourcesBuildPhase section */
		6B191EF31ECD4E0F00C21065 /* Sources */ = {
			isa = PBXSourcesBuildPhase;
			buildActionMask = 2147483647;
			files = (
				6B191EFD1ECD4E0F00C21065 /* ViewController.swift in Sources */,
				6B191EFB1ECD4E0F00C21065 /* AppDelegate.swift in Sources */,
			);
			runOnlyForDeploymentPostprocessing = 0;
		};
/* End PBXSourcesBuildPhase section */

/* Begin PBXVariantGroup section */
		6B191EFE1ECD4E0F00C21065 /* Main.storyboard */ = {
			isa = PBXVariantGroup;
			children = (
				6B191EFF1ECD4E0F00C21065 /* Base */,
			);
			name = Main.storyboard;
			sourceTree = "<group>";
		};
		6B191F031ECD4E0F00C21065 /* LaunchScreen.storyboard */ = {
			isa = PBXVariantGroup;
			children = (
				6B191F041ECD4E0F00C21065 /* Base */,
			);
			name = LaunchScreen.storyboard;
			sourceTree = "<group>";
		};
/* End PBXVariantGroup section */

/* Begin XCBuildConfiguration section */
		6B191F071ECD4E0F00C21065 /* Debug */ = {
			isa = XCBuildConfiguration;
			buildSettings = {
				ALWAYS_SEARCH_USER_PATHS = NO;
				CLANG_ANALYZER_NONNULL = YES;
				CLANG_ANALYZER_NUMBER_OBJECT_CONVERSION = YES_AGGRESSIVE;
				CLANG_CXX_LANGUAGE_STANDARD = "gnu++0x";
				CLANG_CXX_LIBRARY = "libc++";
				CLANG_ENABLE_MODULES = YES;
				CLANG_ENABLE_OBJC_ARC = YES;
				CLANG_WARN_BOOL_CONVERSION = YES;
				CLANG_WARN_CONSTANT_CONVERSION = YES;
				CLANG_WARN_DIRECT_OBJC_ISA_USAGE = YES_ERROR;
				CLANG_WARN_DOCUMENTATION_COMMENTS = YES;
				CLANG_WARN_EMPTY_BODY = YES;
				CLANG_WARN_ENUM_CONVERSION = YES;
				CLANG_WARN_INFINITE_RECURSION = YES;
				CLANG_WARN_INT_CONVERSION = YES;
				CLANG_WARN_OBJC_ROOT_CLASS = YES_ERROR;
				CLANG_WARN_SUSPICIOUS_MOVE = YES;
				CLANG_WARN_UNREACHABLE_CODE = YES;
				CLANG_WARN__DUPLICATE_METHOD_MATCH = YES;
				"CODE_SIGN_IDENTITY[sdk=iphoneos*]" = "iPhone Developer";
				COPY_PHASE_STRIP = NO;
				DEBUG_INFORMATION_FORMAT = dwarf;
				ENABLE_STRICT_OBJC_MSGSEND = YES;
				ENABLE_TESTABILITY = YES;
				GCC_C_LANGUAGE_STANDARD = gnu99;
				GCC_DYNAMIC_NO_PIC = NO;
				GCC_NO_COMMON_BLOCKS = YES;
				GCC_OPTIMIZATION_LEVEL = 0;
				GCC_PREPROCESSOR_DEFINITIONS = (
					"DEBUG=1",
					"$(inherited)",
				);
				GCC_WARN_64_TO_32_BIT_CONVERSION = YES;
				GCC_WARN_ABOUT_RETURN_TYPE = YES_ERROR;
				GCC_WARN_UNDECLARED_SELECTOR = YES;
				GCC_WARN_UNINITIALIZED_AUTOS = YES_AGGRESSIVE;
				GCC_WARN_UNUSED_FUNCTION = YES;
				GCC_WARN_UNUSED_VARIABLE = YES;
				IPHONEOS_DEPLOYMENT_TARGET = 10.3;
				MTL_ENABLE_DEBUG_INFO = YES;
				ONLY_ACTIVE_ARCH = YES;
				SDKROOT = iphoneos;
				SWIFT_ACTIVE_COMPILATION_CONDITIONS = DEBUG;
				SWIFT_OPTIMIZATION_LEVEL = "-Onone";
				TARGETED_DEVICE_FAMILY = "1,2";
			};
			name = Debug;
		};
		6B191F081ECD4E0F00C21065 /* Release */ = {
			isa = XCBuildConfiguration;
			buildSettings = {
				ALWAYS_SEARCH_USER_PATHS = NO;
				CLANG_ANALYZER_NONNULL = YES;
				CLANG_ANALYZER_NUMBER_OBJECT_CONVERSION = YES_AGGRESSIVE;
				CLANG_CXX_LANGUAGE_STANDARD = "gnu++0x";
				CLANG_CXX_LIBRARY = "libc++";
				CLANG_ENABLE_MODULES = YES;
				CLANG_ENABLE_OBJC_ARC = YES;
				CLANG_WARN_BOOL_CONVERSION = YES;
				CLANG_WARN_CONSTANT_CONVERSION = YES;
				CLANG_WARN_DIRECT_OBJC_ISA_USAGE = YES_ERROR;
				CLANG_WARN_DOCUMENTATION_COMMENTS = YES;
				CLANG_WARN_EMPTY_BODY = YES;
				CLANG_WARN_ENUM_CONVERSION = YES;
				CLANG_WARN_INFINITE_RECURSION = YES;
				CLANG_WARN_INT_CONVERSION = YES;
				CLANG_WARN_OBJC_ROOT_CLASS = YES_ERROR;
				CLANG_WARN_SUSPICIOUS_MOVE = YES;
				CLANG_WARN_UNREACHABLE_CODE = YES;
				CLANG_WARN__DUPLICATE_METHOD_MATCH = YES;
				"CODE_SIGN_IDENTITY[sdk=iphoneos*]" = "iPhone Developer";
				COPY_PHASE_STRIP = NO;
				DEBUG_INFORMATION_FORMAT = "dwarf-with-dsym";
				ENABLE_NS_ASSERTIONS = NO;
				ENABLE_STRICT_OBJC_MSGSEND = YES;
				GCC_C_LANGUAGE_STANDARD = gnu99;
				GCC_NO_COMMON_BLOCKS = YES;
				GCC_WARN_64_TO_32_BIT_CONVERSION = YES;
				GCC_WARN_ABOUT_RETURN_TYPE = YES_ERROR;
				GCC_WARN_UNDECLARED_SELECTOR = YES;
				GCC_WARN_UNINITIALIZED_AUTOS = YES_AGGRESSIVE;
				GCC_WARN_UNUSED_FUNCTION = YES;
				GCC_WARN_UNUSED_VARIABLE = YES;
				IPHONEOS_DEPLOYMENT_TARGET = 10.3;
				MTL_ENABLE_DEBUG_INFO = NO;
				SDKROOT = iphoneos;
				SWIFT_OPTIMIZATION_LEVEL = "-Owholemodule";
				TARGETED_DEVICE_FAMILY = "1,2";
				VALIDATE_PRODUCT = YES;
			};
			name = Release;
		};
		6B191F0A1ECD4E0F00C21065 /* Debug */ = {
			isa = XCBuildConfiguration;
			buildSettings = {
				ASSETCATALOG_COMPILER_APPICON_NAME = AppIcon;
				"CODE_SIGN_IDENTITY[sdk=iphoneos*]" = "iPhone Developer";
				DEVELOPMENT_TEAM = 8GTQ22BPX6;
				INFOPLIST_FILE = LZJ_Coin/Info.plist;
				LD_RUNPATH_SEARCH_PATHS = "$(inherited) @executable_path/Frameworks";
				PRODUCT_BUNDLE_IDENTIFIER = "party.lzj.LZJ-Coin";
				PRODUCT_NAME = "$(TARGET_NAME)";
				PROVISIONING_PROFILE_SPECIFIER = "";
				SWIFT_VERSION = 3.0;
			};
			name = Debug;
		};
		6B191F0B1ECD4E0F00C21065 /* Release */ = {
			isa = XCBuildConfiguration;
			buildSettings = {
				ASSETCATALOG_COMPILER_APPICON_NAME = AppIcon;
				"CODE_SIGN_IDENTITY[sdk=iphoneos*]" = "iPhone Developer";
				DEVELOPMENT_TEAM = 8GTQ22BPX6;
				INFOPLIST_FILE = LZJ_Coin/Info.plist;
				LD_RUNPATH_SEARCH_PATHS = "$(inherited) @executable_path/Frameworks";
				PRODUCT_BUNDLE_IDENTIFIER = "party.lzj.LZJ-Coin";
				PRODUCT_NAME = "$(TARGET_NAME)";
				PROVISIONING_PROFILE_SPECIFIER = "";
				SWIFT_VERSION = 3.0;
			};
			name = Release;
		};
/* End XCBuildConfiguration section */

/* Begin XCConfigurationList section */
		6B191EF21ECD4E0F00C21065 /* Build configuration list for PBXProject "LZJ_Coin" */ = {
			isa = XCConfigurationList;
			buildConfigurations = (
				6B191F071ECD4E0F00C21065 /* Debug */,
				6B191F081ECD4E0F00C21065 /* Release */,
			);
			defaultConfigurationIsVisible = 0;
			defaultConfigurationName = Release;
		};
		6B191F091ECD4E0F00C21065 /* Build configuration list for PBXNativeTarget "LZJ_Coin" */ = {
			isa = XCConfigurationList;
			buildConfigurations = (
				6B191F0A1ECD4E0F00C21065 /* Debug */,
				6B191F0B1ECD4E0F00C21065 /* Release */,
			);
			defaultConfigurationIsVisible = 0;
			defaultConfigurationName = Release;
		};
/* End XCConfigurationList section */
	};
	rootObject = 6B191EEF1ECD4E0F00C21065 /* Project object */;
}
